{
  "nodes": {
    "appimage-file-rt": {
      "flake": false,
      "locked": {
        "narHash": "sha256-x7idb7szr0eko4/n0SgFh1rn87e26JtcOFdU3Ljtn80=",
        "type": "file",
        "url": "https://github.com/realthunder/FreeCAD/releases/download/20241003stable/FreeCAD-Link-Stable-Linux-x86_64-py3.11-20241003.AppImage"
      },
      "original": {
        "type": "file",
        "url": "https://github.com/realthunder/FreeCAD/releases/download/20241003stable/FreeCAD-Link-Stable-Linux-x86_64-py3.11-20241003.AppImage"
      }
    },
    "appimage-file-weekly": {
      "flake": false,
      "locked": {
        "narHash": "sha256-opfiChSGH88Nu7CIRutJLuL639PYxISiObUU9m1RCic=",
        "type": "file",
        "url": "https://github.com/FreeCAD/FreeCAD-Bundle/releases/download/weekly-builds/FreeCAD_weekly-builds-40253-conda-Linux-x86_64-py311.AppImage"
      },
      "original": {
        "type": "file",
        "url": "https://github.com/FreeCAD/FreeCAD-Bundle/releases/download/weekly-builds/FreeCAD_weekly-builds-40253-conda-Linux-x86_64-py311.AppImage"
      }
    },
    "astocad-repo": {
      "flake": false,
      "locked": {
        "lastModified": 1739207903,
        "narHash": "sha256-bV8Wz5XSM7Ykia82nBGAlfyW+3fL+7UryCTgzKjTv9g=",
        "ref": "AstoCAD",
        "rev": "760cbe471b1cf8d7408e7cbf48f876960012a59c",
        "revCount": 40208,
        "submodules": true,
        "type": "git",
        "url": "https://github.com/AstoCAD/FreeCAD"
      },
      "original": {
        "ref": "AstoCAD",
        "submodules": true,
        "type": "git",
        "url": "https://github.com/AstoCAD/FreeCAD"
      }
    },
    "nixpkgs": {
      "locked": {
        "lastModified": 1738410390,
        "narHash": "sha256-xvTo0Aw0+veek7hvEVLzErmJyQkEcRk6PSR4zsRQFEc=",
        "owner": "NixOS",
        "repo": "nixpkgs",
        "rev": "3a228057f5b619feb3186e986dbe76278d707b6e",
        "type": "github"
      },
      "original": {
        "owner": "NixOS",
        "ref": "nixos-unstable",
        "repo": "nixpkgs",
        "type": "github"
      }
    },
    "root": {
      "inputs": {
        "appimage-file-rt": "appimage-file-rt",
        "appimage-file-weekly": "appimage-file-weekly",
        "astocad-repo": "astocad-repo",
        "nixpkgs": "nixpkgs"
      }
    }
  },
  "root": "root",
  "version": 7
}
